
Microsoft Visual Studio Solution File, Format Version 12.00
# Visual Studio Version 17
VisualStudioVersion = 17.10.34928.147
MinimumVisualStudioVersion = 10.0.40219.1
Project("{FAE04EC0-301F-11D3-BF4B-00C04F79EFBC}") = "Presentation", "Presentation\Presentation.csproj", "{E1809CB2-5A56-4174-AAD0-AC065B5DD1A5}"
EndProject
Project("{FAE04EC0-301F-11D3-BF4B-00C04F79EFBC}") = "Common", "Common\Common.csproj", "{34D783C2-F02F-4F5C-9DCA-4D4D64601DD3}"
EndProject
Project("{FAE04EC0-301F-11D3-BF4B-00C04F79EFBC}") = "Service", "Service\Service.csproj", "{FF35CE49-7EE7-4EAE-A6E3-10F89172C833}"
EndProject
Project("{FAE04EC0-301F-11D3-BF4B-00C04F79EFBC}") = "Repository", "Repository\Repository.csproj", "{EBC9301E-53F4-4167-8ED1-05E1E980325E}"
EndProject
Global
	GlobalSection(SolutionConfigurationPlatforms) = preSolution
		Debug|Any CPU = Debug|Any CPU
		Release|Any CPU = Release|Any CPU
	EndGlobalSection
	GlobalSection(ProjectConfigurationPlatforms) = postSolution
		{E1809CB2-5A56-4174-AAD0-AC065B5DD1A5}.Debug|Any CPU.ActiveCfg = Debug|Any CPU
		{E1809CB2-5A56-4174-AAD0-AC065B5DD1A5}.Debug|Any CPU.Build.0 = Debug|Any CPU
		{E1809CB2-5A56-4174-AAD0-AC065B5DD1A5}.Release|Any CPU.ActiveCfg = Release|Any CPU
		{E1809CB2-5A56-4174-AAD0-AC065B5DD1A5}.Release|Any CPU.Build.0 = Release|Any CPU
		{34D783C2-F02F-4F5C-9DCA-4D4D64601DD3}.Debug|Any CPU.ActiveCfg = Debug|Any CPU
		{34D783C2-F02F-4F5C-9DCA-4D4D64601DD3}.Debug|Any CPU.Build.0 = Debug|Any CPU
		{34D783C2-F02F-4F5C-9DCA-4D4D64601DD3}.Release|Any CPU.ActiveCfg = Release|Any CPU
		{34D783C2-F02F-4F5C-9DCA-4D4D64601DD3}.Release|Any CPU.Build.0 = Release|Any CPU
		{FF35CE49-7EE7-4EAE-A6E3-10F89172C833}.Debug|Any CPU.ActiveCfg = Debug|Any CPU
		{FF35CE49-7EE7-4EAE-A6E3-10F89172C833}.Debug|Any CPU.Build.0 = Debug|Any CPU
		{FF35CE49-7EE7-4EAE-A6E3-10F89172C833}.Release|Any CPU.ActiveCfg = Release|Any CPU
		{FF35CE49-7EE7-4EAE-A6E3-10F89172C833}.Release|Any CPU.Build.0 = Release|Any CPU
		{EBC9301E-53F4-4167-8ED1-05E1E980325E}.Debug|Any CPU.ActiveCfg = Debug|Any CPU
		{EBC9301E-53F4-4167-8ED1-05E1E980325E}.Debug|Any CPU.Build.0 = Debug|Any CPU
		{EBC9301E-53F4-4167-8ED1-05E1E980325E}.Release|Any CPU.ActiveCfg = Release|Any CPU
		{EBC9301E-53F4-4167-8ED1-05E1E980325E}.Release|Any CPU.Build.0 = Release|Any CPU
	EndGlobalSection
	GlobalSection(SolutionProperties) = preSolution
		HideSolutionNode = FALSE
	EndGlobalSection
	GlobalSection(ExtensibilityGlobals) = postSolution
		SolutionGuid = {5A02FE1C-25DF-4C84-ACF0-8B35F984D61E}
	EndGlobalSection
EndGlobal
